
Microsoft Visual Studio Solution File, Format Version 12.00
# Visual Studio Version 17
VisualStudioVersion = 17.7.34018.315
MinimumVisualStudioVersion = 10.0.40219.1
Project("{FAE04EC0-301F-11D3-BF4B-00C04F79EFBC}") = "HeapSort", "HeapSort\HeapSort.csproj", "{A2E918F4-9225-424D-82C6-04CC450E97DD}"
EndProject
Global
	GlobalSection(SolutionConfigurationPlatforms) = preSolution
		Debug|Any CPU = Debug|Any CPU
		Release|Any CPU = Release|Any CPU
	EndGlobalSection
	GlobalSection(ProjectConfigurationPlatforms) = postSolution
		{A2E918F4-9225-424D-82C6-04CC450E97DD}.Debug|Any CPU.ActiveCfg = Debug|Any CPU
		{A2E918F4-9225-424D-82C6-04CC450E97DD}.Debug|Any CPU.Build.0 = Debug|Any CPU
		{A2E918F4-9225-424D-82C6-04CC450E97DD}.Release|Any CPU.ActiveCfg = Release|Any CPU
		{A2E918F4-9225-424D-82C6-04CC450E97DD}.Release|Any CPU.Build.0 = Release|Any CPU
	EndGlobalSection
	GlobalSection(SolutionProperties) = preSolution
		HideSolutionNode = FALSE
	EndGlobalSection
	GlobalSection(ExtensibilityGlobals) = postSolution
		SolutionGuid = {387DB51A-8F98-41EE-A917-A5143D81E921}
	EndGlobalSection
EndGlobal
